
Microsoft Visual Studio Solution File, Format Version 12.00
# Visual Studio 15
VisualStudioVersion = 15.0.28307.168
MinimumVisualStudioVersion = 10.0.40219.1
Project("{FAE04EC0-301F-11D3-BF4B-00C04F79EFBC}") = "1221_HW4", "1221_HW4\1221_HW4.csproj", "{EE99AA0B-7415-4EF8-9F89-C5AD649FC0A2}"
EndProject
Global
	GlobalSection(SolutionConfigurationPlatforms) = preSolution
		Debug|Any CPU = Debug|Any CPU
		Release|Any CPU = Release|Any CPU
	EndGlobalSection
	GlobalSection(ProjectConfigurationPlatforms) = postSolution
		{EE99AA0B-7415-4EF8-9F89-C5AD649FC0A2}.Debug|Any CPU.ActiveCfg = Debug|Any CPU
		{EE99AA0B-7415-4EF8-9F89-C5AD649FC0A2}.Debug|Any CPU.Build.0 = Debug|Any CPU
		{EE99AA0B-7415-4EF8-9F89-C5AD649FC0A2}.Release|Any CPU.ActiveCfg = Release|Any CPU
		{EE99AA0B-7415-4EF8-9F89-C5AD649FC0A2}.Release|Any CPU.Build.0 = Release|Any CPU
	EndGlobalSection
	GlobalSection(SolutionProperties) = preSolution
		HideSolutionNode = FALSE
	EndGlobalSection
	GlobalSection(ExtensibilityGlobals) = postSolution
		SolutionGuid = {E503E5A2-500E-4661-8E83-DF025386BDDD}
	EndGlobalSection
EndGlobal
